{
  "name": "vincijs",
  "version": "1.0.24",
  "lockfileVersion": 1,
  "requires": true,
  "dependencies": {
    "@types/gridstack": {
      "version": "0.0.39",
      "resolved": "https://registry.npmjs.org/@types/gridstack/-/gridstack-0.0.39.tgz",
      "integrity": "sha512-sVDN4+t1FdR6U/UGA7tQydtI1J2P7N19OTs8HDGHsjTmOZrHRiKc4j/h5rxKID2MVGzf38j3/ZvDT7iHE4hjxA=="
    },
    "@types/jquery": {
      "version": "3.2.18",
      "resolved": "https://registry.npmjs.org/@types/jquery/-/jquery-3.2.18.tgz",
      "integrity": "sha512-8dsVAEAbK73GBbQjXUEBhaCXX6A+gEp7+bM7CI7n/850ES6NFObYvJID2F4mGAahLUosKHiJI1QkLS8bV+9VGA=="
    },
    "gridstack": {
      "version": "0.3.0",
      "resolved": "https://registry.npmjs.org/gridstack/-/gridstack-0.3.0.tgz",
      "integrity": "sha1-vhx4kfP70q9g+dYPTH1RejDTu3g=",
      "requires": {
        "jquery": "3.3.1",
        "jquery-ui": "1.12.1",
        "lodash": "4.17.4"
      }
    },
    "jquery": {
      "version": "3.3.1",
      "resolved": "https://registry.npmjs.org/jquery/-/jquery-3.3.1.tgz",
      "integrity": "sha512-Ubldcmxp5np52/ENotGxlLe6aGMvmF4R8S6tZjsP6Knsaxd/xp3Zrh50cG93lR6nPXyUFwzN3ZSOQI0wRJNdGg=="
    },
    "jquery-ui": {
      "version": "1.12.1",
      "resolved": "https://registry.npmjs.org/jquery-ui/-/jquery-ui-1.12.1.tgz",
      "integrity": "sha1-vLQEXI3QU5wTS8FIjN0+dop6nlE="
    },
    "lodash": {
      "version": "4.17.4",
      "resolved": "https://registry.npmjs.org/lodash/-/lodash-4.17.4.tgz",
      "integrity": "sha1-eCA6TRwyiuHYbcpkYONptX9AVa4="
    },
    "typescript": {
      "version": "2.7.1",
      "resolved": "https://registry.npmjs.org/typescript/-/typescript-2.7.1.tgz",
      "integrity": "sha512-bqB1yS6o9TNA9ZC/MJxM0FZzPnZdtHj0xWK/IZ5khzVqdpGul/R/EIiHRgFXlwTD7PSIaYVnGKq1QgMCu2mnqw==",
      "dev": true
    }
  }
}
